// !$*UTF8*$!
{
	archiveVersion = 1;
	classes = {
	};
	objectVersion = 56;
	objects = {

/* Begin PBXBuildFile section */
		0A5633922998CA770073FA8D /* SettingsView.swift in Sources */ = {isa = PBXBuildFile; fileRef = 0A5633912998CA770073FA8D /* SettingsView.swift */; };
		0AE8884F29875E2A003607E4 /* PomoApp.swift in Sources */ = {isa = PBXBuildFile; fileRef = 0AE8884E29875E2A003607E4 /* PomoApp.swift */; };
		0AE8885129875E2A003607E4 /* ContentView.swift in Sources */ = {isa = PBXBuildFile; fileRef = 0AE8885029875E2A003607E4 /* ContentView.swift */; };
		0AE8885329875E2D003607E4 /* Assets.xcassets in Resources */ = {isa = PBXBuildFile; fileRef = 0AE8885229875E2D003607E4 /* Assets.xcassets */; };
		0AE8885729875E2D003607E4 /* Preview Assets.xcassets in Resources */ = {isa = PBXBuildFile; fileRef = 0AE8885629875E2D003607E4 /* Preview Assets.xcassets */; };
		0AE8886129875E2D003607E4 /* PomoTests.swift in Sources */ = {isa = PBXBuildFile; fileRef = 0AE8886029875E2D003607E4 /* PomoTests.swift */; };
		0AE8886B29875E2D003607E4 /* PomoUITests.swift in Sources */ = {isa = PBXBuildFile; fileRef = 0AE8886A29875E2D003607E4 /* PomoUITests.swift */; };
		0AE8886D29875E2D003607E4 /* PomoUITestsLaunchTests.swift in Sources */ = {isa = PBXBuildFile; fileRef = 0AE8886C29875E2D003607E4 /* PomoUITestsLaunchTests.swift */; };
		0AE8888029875E5F003607E4 /* WidgetKit.framework in Frameworks */ = {isa = PBXBuildFile; fileRef = 0AE8887F29875E5F003607E4 /* WidgetKit.framework */; };
		0AE8888229875E5F003607E4 /* SwiftUI.framework in Frameworks */ = {isa = PBXBuildFile; fileRef = 0AE8888129875E5F003607E4 /* SwiftUI.framework */; };
		0AE8888529875E5F003607E4 /* PomoWidgetBundle.swift in Sources */ = {isa = PBXBuildFile; fileRef = 0AE8888429875E5F003607E4 /* PomoWidgetBundle.swift */; };
		0AE8888729875E5F003607E4 /* PomoWidgetLiveActivity.swift in Sources */ = {isa = PBXBuildFile; fileRef = 0AE8888629875E5F003607E4 /* PomoWidgetLiveActivity.swift */; };
		0AE8888B29875E61003607E4 /* Assets.xcassets in Resources */ = {isa = PBXBuildFile; fileRef = 0AE8888A29875E61003607E4 /* Assets.xcassets */; };
		0AE8888F29875E61003607E4 /* PomoWidgetExtension.appex in Embed Foundation Extensions */ = {isa = PBXBuildFile; fileRef = 0AE8887D29875E5F003607E4 /* PomoWidgetExtension.appex */; settings = {ATTRIBUTES = (RemoveHeadersOnCopy, ); }; };
		0AE88895298761EA003607E4 /* PomoWidgetAttributes.swift in Sources */ = {isa = PBXBuildFile; fileRef = 0AE88894298761EA003607E4 /* PomoWidgetAttributes.swift */; };
		0AE8889629876282003607E4 /* PomoWidgetAttributes.swift in Sources */ = {isa = PBXBuildFile; fileRef = 0AE88894298761EA003607E4 /* PomoWidgetAttributes.swift */; };
/* End PBXBuildFile section */

/* Begin PBXContainerItemProxy section */
		0AE8885D29875E2D003607E4 /* PBXContainerItemProxy */ = {
			isa = PBXContainerItemProxy;
			containerPortal = 0AE8884329875E2A003607E4 /* Project object */;
			proxyType = 1;
			remoteGlobalIDString = 0AE8884A29875E2A003607E4;
			remoteInfo = Pomo;
		};
		0AE8886729875E2D003607E4 /* PBXContainerItemProxy */ = {
			isa = PBXContainerItemProxy;
			containerPortal = 0AE8884329875E2A003607E4 /* Project object */;
			proxyType = 1;
			remoteGlobalIDString = 0AE8884A29875E2A003607E4;
			remoteInfo = Pomo;
		};
		0AE8888D29875E61003607E4 /* PBXContainerItemProxy */ = {
			isa = PBXContainerItemProxy;
			containerPortal = 0AE8884329875E2A003607E4 /* Project object */;
			proxyType = 1;
			remoteGlobalIDString = 0AE8887C29875E5F003607E4;
			remoteInfo = PomoWidgetExtension;
		};
/* End PBXContainerItemProxy section */

/* Begin PBXCopyFilesBuildPhase section */
		0AE8889329875E61003607E4 /* Embed Foundation Extensions */ = {
			isa = PBXCopyFilesBuildPhase;
			buildActionMask = 2147483647;
			dstPath = "";
			dstSubfolderSpec = 13;
			files = (
				0AE8888F29875E61003607E4 /* PomoWidgetExtension.appex in Embed Foundation Extensions */,
			);
			name = "Embed Foundation Extensions";
			runOnlyForDeploymentPostprocessing = 0;
		};
/* End PBXCopyFilesBuildPhase section */

/* Begin PBXFileReference section */
		0A5633912998CA770073FA8D /* SettingsView.swift */ = {isa = PBXFileReference; lastKnownFileType = sourcecode.swift; path = SettingsView.swift; sourceTree = "<group>"; };
		0AE8884B29875E2A003607E4 /* Pomo.app */ = {isa = PBXFileReference; explicitFileType = wrapper.application; includeInIndex = 0; path = Pomo.app; sourceTree = BUILT_PRODUCTS_DIR; };
		0AE8884E29875E2A003607E4 /* PomoApp.swift */ = {isa = PBXFileReference; lastKnownFileType = sourcecode.swift; path = PomoApp.swift; sourceTree = "<group>"; };
		0AE8885029875E2A003607E4 /* ContentView.swift */ = {isa = PBXFileReference; lastKnownFileType = sourcecode.swift; path = ContentView.swift; sourceTree = "<group>"; };
		0AE8885229875E2D003607E4 /* Assets.xcassets */ = {isa = PBXFileReference; lastKnownFileType = folder.assetcatalog; path = Assets.xcassets; sourceTree = "<group>"; };
		0AE8885429875E2D003607E4 /* Pomo.entitlements */ = {isa = PBXFileReference; lastKnownFileType = text.plist.entitlements; path = Pomo.entitlements; sourceTree = "<group>"; };
		0AE8885629875E2D003607E4 /* Preview Assets.xcassets */ = {isa = PBXFileReference; lastKnownFileType = folder.assetcatalog; path = "Preview Assets.xcassets"; sourceTree = "<group>"; };
		0AE8885C29875E2D003607E4 /* PomoTests.xctest */ = {isa = PBXFileReference; explicitFileType = wrapper.cfbundle; includeInIndex = 0; path = PomoTests.xctest; sourceTree = BUILT_PRODUCTS_DIR; };
		0AE8886029875E2D003607E4 /* PomoTests.swift */ = {isa = PBXFileReference; lastKnownFileType = sourcecode.swift; path = PomoTests.swift; sourceTree = "<group>"; };
		0AE8886629875E2D003607E4 /* PomoUITests.xctest */ = {isa = PBXFileReference; explicitFileType = wrapper.cfbundle; includeInIndex = 0; path = PomoUITests.xctest; sourceTree = BUILT_PRODUCTS_DIR; };
		0AE8886A29875E2D003607E4 /* PomoUITests.swift */ = {isa = PBXFileReference; lastKnownFileType = sourcecode.swift; path = PomoUITests.swift; sourceTree = "<group>"; };
		0AE8886C29875E2D003607E4 /* PomoUITestsLaunchTests.swift */ = {isa = PBXFileReference; lastKnownFileType = sourcecode.swift; path = PomoUITestsLaunchTests.swift; sourceTree = "<group>"; };
		0AE8887D29875E5F003607E4 /* PomoWidgetExtension.appex */ = {isa = PBXFileReference; explicitFileType = "wrapper.app-extension"; includeInIndex = 0; path = PomoWidgetExtension.appex; sourceTree = BUILT_PRODUCTS_DIR; };
		0AE8887F29875E5F003607E4 /* WidgetKit.framework */ = {isa = PBXFileReference; lastKnownFileType = wrapper.framework; name = WidgetKit.framework; path = System/Library/Frameworks/WidgetKit.framework; sourceTree = SDKROOT; };
		0AE8888129875E5F003607E4 /* SwiftUI.framework */ = {isa = PBXFileReference; lastKnownFileType = wrapper.framework; name = SwiftUI.framework; path = System/Library/Frameworks/SwiftUI.framework; sourceTree = SDKROOT; };
		0AE8888429875E5F003607E4 /* PomoWidgetBundle.swift */ = {isa = PBXFileReference; lastKnownFileType = sourcecode.swift; path = PomoWidgetBundle.swift; sourceTree = "<group>"; };
		0AE8888629875E5F003607E4 /* PomoWidgetLiveActivity.swift */ = {isa = PBXFileReference; lastKnownFileType = sourcecode.swift; path = PomoWidgetLiveActivity.swift; sourceTree = "<group>"; };
		0AE8888A29875E61003607E4 /* Assets.xcassets */ = {isa = PBXFileReference; lastKnownFileType = folder.assetcatalog; path = Assets.xcassets; sourceTree = "<group>"; };
		0AE8888C29875E61003607E4 /* Info.plist */ = {isa = PBXFileReference; lastKnownFileType = text.plist.xml; path = Info.plist; sourceTree = "<group>"; };
		0AE88894298761EA003607E4 /* PomoWidgetAttributes.swift */ = {isa = PBXFileReference; lastKnownFileType = sourcecode.swift; path = PomoWidgetAttributes.swift; sourceTree = "<group>"; };
/* End PBXFileReference section */

/* Begin PBXFrameworksBuildPhase section */
		0AE8884829875E2A003607E4 /* Frameworks */ = {
			isa = PBXFrameworksBuildPhase;
			buildActionMask = 2147483647;
			files = (
			);
			runOnlyForDeploymentPostprocessing = 0;
		};
		0AE8885929875E2D003607E4 /* Frameworks */ = {
			isa = PBXFrameworksBuildPhase;
			buildActionMask = 2147483647;
			files = (
			);
			runOnlyForDeploymentPostprocessing = 0;
		};
		0AE8886329875E2D003607E4 /* Frameworks */ = {
			isa = PBXFrameworksBuildPhase;
			buildActionMask = 2147483647;
			files = (
			);
			runOnlyForDeploymentPostprocessing = 0;
		};
		0AE8887A29875E5F003607E4 /* Frameworks */ = {
			isa = PBXFrameworksBuildPhase;
			buildActionMask = 2147483647;
			files = (
				0AE8888229875E5F003607E4 /* SwiftUI.framework in Frameworks */,
				0AE8888029875E5F003607E4 /* WidgetKit.framework in Frameworks */,
			);
			runOnlyForDeploymentPostprocessing = 0;
		};
/* End PBXFrameworksBuildPhase section */

/* Begin PBXGroup section */
		0AE8884229875E2A003607E4 = {
			isa = PBXGroup;
			children = (
				0AE8884D29875E2A003607E4 /* Pomo */,
				0AE8885F29875E2D003607E4 /* PomoTests */,
				0AE8886929875E2D003607E4 /* PomoUITests */,
				0AE8888329875E5F003607E4 /* PomoWidget */,
				0AE8887E29875E5F003607E4 /* Frameworks */,
				0AE8884C29875E2A003607E4 /* Products */,
			);
			sourceTree = "<group>";
		};
		0AE8884C29875E2A003607E4 /* Products */ = {
			isa = PBXGroup;
			children = (
				0AE8884B29875E2A003607E4 /* Pomo.app */,
				0AE8885C29875E2D003607E4 /* PomoTests.xctest */,
				0AE8886629875E2D003607E4 /* PomoUITests.xctest */,
				0AE8887D29875E5F003607E4 /* PomoWidgetExtension.appex */,
			);
			name = Products;
			sourceTree = "<group>";
		};
		0AE8884D29875E2A003607E4 /* Pomo */ = {
			isa = PBXGroup;
			children = (
				0AE8884E29875E2A003607E4 /* PomoApp.swift */,
				0AE8885029875E2A003607E4 /* ContentView.swift */,
				0A5633912998CA770073FA8D /* SettingsView.swift */,
				0AE88894298761EA003607E4 /* PomoWidgetAttributes.swift */,
				0AE8885229875E2D003607E4 /* Assets.xcassets */,
				0AE8885429875E2D003607E4 /* Pomo.entitlements */,
				0AE8885529875E2D003607E4 /* Preview Content */,
			);
			path = Pomo;
			sourceTree = "<group>";
		};
		0AE8885529875E2D003607E4 /* Preview Content */ = {
			isa = PBXGroup;
			children = (
				0AE8885629875E2D003607E4 /* Preview Assets.xcassets */,
			);
			path = "Preview Content";
			sourceTree = "<group>";
		};
		0AE8885F29875E2D003607E4 /* PomoTests */ = {
			isa = PBXGroup;
			children = (
				0AE8886029875E2D003607E4 /* PomoTests.swift */,
			);
			path = PomoTests;
			sourceTree = "<group>";
		};
		0AE8886929875E2D003607E4 /* PomoUITests */ = {
			isa = PBXGroup;
			children = (
				0AE8886A29875E2D003607E4 /* PomoUITests.swift */,
				0AE8886C29875E2D003607E4 /* PomoUITestsLaunchTests.swift */,
			);
			path = PomoUITests;
			sourceTree = "<group>";
		};
		0AE8887E29875E5F003607E4 /* Frameworks */ = {
			isa = PBXGroup;
			children = (
				0AE8887F29875E5F003607E4 /* WidgetKit.framework */,
				0AE8888129875E5F003607E4 /* SwiftUI.framework */,
			);
			name = Frameworks;
			sourceTree = "<group>";
		};
		0AE8888329875E5F003607E4 /* PomoWidget */ = {
			isa = PBXGroup;
			children = (
				0AE8888429875E5F003607E4 /* PomoWidgetBundle.swift */,
				0AE8888629875E5F003607E4 /* PomoWidgetLiveActivity.swift */,
				0AE8888A29875E61003607E4 /* Assets.xcassets */,
				0AE8888C29875E61003607E4 /* Info.plist */,
			);
			path = PomoWidget;
			sourceTree = "<group>";
		};
/* End PBXGroup section */

/* Begin PBXNativeTarget section */
		0AE8884A29875E2A003607E4 /* Pomo */ = {
			isa = PBXNativeTarget;
			buildConfigurationList = 0AE8887029875E2D003607E4 /* Build configuration list for PBXNativeTarget "Pomo" */;
			buildPhases = (
				0AE8884729875E2A003607E4 /* Sources */,
				0AE8884829875E2A003607E4 /* Frameworks */,
				0AE8884929875E2A003607E4 /* Resources */,
				0AE8889329875E61003607E4 /* Embed Foundation Extensions */,
			);
			buildRules = (
			);
			dependencies = (
				0AE8888E29875E61003607E4 /* PBXTargetDependency */,
			);
			name = Pomo;
			productName = Pomo;
			productReference = 0AE8884B29875E2A003607E4 /* Pomo.app */;
			productType = "com.apple.product-type.application";
		};
		0AE8885B29875E2D003607E4 /* PomoTests */ = {
			isa = PBXNativeTarget;
			buildConfigurationList = 0AE8887329875E2D003607E4 /* Build configuration list for PBXNativeTarget "PomoTests" */;
			buildPhases = (
				0AE8885829875E2D003607E4 /* Sources */,
				0AE8885929875E2D003607E4 /* Frameworks */,
				0AE8885A29875E2D003607E4 /* Resources */,
			);
			buildRules = (
			);
			dependencies = (
				0AE8885E29875E2D003607E4 /* PBXTargetDependency */,
			);
			name = PomoTests;
			productName = PomoTests;
			productReference = 0AE8885C29875E2D003607E4 /* PomoTests.xctest */;
			productType = "com.apple.product-type.bundle.unit-test";
		};
		0AE8886529875E2D003607E4 /* PomoUITests */ = {
			isa = PBXNativeTarget;
			buildConfigurationList = 0AE8887629875E2D003607E4 /* Build configuration list for PBXNativeTarget "PomoUITests" */;
			buildPhases = (
				0AE8886229875E2D003607E4 /* Sources */,
				0AE8886329875E2D003607E4 /* Frameworks */,
				0AE8886429875E2D003607E4 /* Resources */,
			);
			buildRules = (
			);
			dependencies = (
				0AE8886829875E2D003607E4 /* PBXTargetDependency */,
			);
			name = PomoUITests;
			productName = PomoUITests;
			productReference = 0AE8886629875E2D003607E4 /* PomoUITests.xctest */;
			productType = "com.apple.product-type.bundle.ui-testing";
		};
		0AE8887C29875E5F003607E4 /* PomoWidgetExtension */ = {
			isa = PBXNativeTarget;
			buildConfigurationList = 0AE8889029875E61003607E4 /* Build configuration list for PBXNativeTarget "PomoWidgetExtension" */;
			buildPhases = (
				0AE8887929875E5F003607E4 /* Sources */,
				0AE8887A29875E5F003607E4 /* Frameworks */,
				0AE8887B29875E5F003607E4 /* Resources */,
			);
			buildRules = (
			);
			dependencies = (
			);
			name = PomoWidgetExtension;
			productName = PomoWidgetExtension;
			productReference = 0AE8887D29875E5F003607E4 /* PomoWidgetExtension.appex */;
			productType = "com.apple.product-type.app-extension";
		};
/* End PBXNativeTarget section */

/* Begin PBXProject section */
		0AE8884329875E2A003607E4 /* Project object */ = {
			isa = PBXProject;
			attributes = {
				BuildIndependentTargetsInParallel = 1;
				LastSwiftUpdateCheck = 1420;
				LastUpgradeCheck = 1420;
				TargetAttributes = {
					0AE8884A29875E2A003607E4 = {
						CreatedOnToolsVersion = 14.2;
					};
					0AE8885B29875E2D003607E4 = {
						CreatedOnToolsVersion = 14.2;
						TestTargetID = 0AE8884A29875E2A003607E4;
					};
					0AE8886529875E2D003607E4 = {
						CreatedOnToolsVersion = 14.2;
						TestTargetID = 0AE8884A29875E2A003607E4;
					};
					0AE8887C29875E5F003607E4 = {
						CreatedOnToolsVersion = 14.2;
					};
				};
			};
			buildConfigurationList = 0AE8884629875E2A003607E4 /* Build configuration list for PBXProject "Pomo" */;
			compatibilityVersion = "Xcode 14.0";
			developmentRegion = en;
			hasScannedForEncodings = 0;
			knownRegions = (
				en,
				Base,
			);
			mainGroup = 0AE8884229875E2A003607E4;
			productRefGroup = 0AE8884C29875E2A003607E4 /* Products */;
			projectDirPath = "";
			projectRoot = "";
			targets = (
				0AE8884A29875E2A003607E4 /* Pomo */,
				0AE8885B29875E2D003607E4 /* PomoTests */,
				0AE8886529875E2D003607E4 /* PomoUITests */,
				0AE8887C29875E5F003607E4 /* PomoWidgetExtension */,
			);
		};
/* End PBXProject section */

/* Begin PBXResourcesBuildPhase section */
		0AE8884929875E2A003607E4 /* Resources */ = {
			isa = PBXResourcesBuildPhase;
			buildActionMask = 2147483647;
			files = (
				0AE8885729875E2D003607E4 /* Preview Assets.xcassets in Resources */,
				0AE8885329875E2D003607E4 /* Assets.xcassets in Resources */,
			);
			runOnlyForDeploymentPostprocessing = 0;
		};
		0AE8885A29875E2D003607E4 /* Resources */ = {
			isa = PBXResourcesBuildPhase;
			buildActionMask = 2147483647;
			files = (
			);
			runOnlyForDeploymentPostprocessing = 0;
		};
		0AE8886429875E2D003607E4 /* Resources */ = {
			isa = PBXResourcesBuildPhase;
			buildActionMask = 2147483647;
			files = (
			);
			runOnlyForDeploymentPostprocessing = 0;
		};
		0AE8887B29875E5F003607E4 /* Resources */ = {
			isa = PBXResourcesBuildPhase;
			buildActionMask = 2147483647;
			files = (
				0AE8888B29875E61003607E4 /* Assets.xcassets in Resources */,
			);
			runOnlyForDeploymentPostprocessing = 0;
		};
/* End PBXResourcesBuildPhase section */

/* Begin PBXSourcesBuildPhase section */
		0AE8884729875E2A003607E4 /* Sources */ = {
			isa = PBXSourcesBuildPhase;
			buildActionMask = 2147483647;
			files = (
				0AE8885129875E2A003607E4 /* ContentView.swift in Sources */,
				0A5633922998CA770073FA8D /* SettingsView.swift in Sources */,
				0AE88895298761EA003607E4 /* PomoWidgetAttributes.swift in Sources */,
				0AE8884F29875E2A003607E4 /* PomoApp.swift in Sources */,
			);
			runOnlyForDeploymentPostprocessing = 0;
		};
		0AE8885829875E2D003607E4 /* Sources */ = {
			isa = PBXSourcesBuildPhase;
			buildActionMask = 2147483647;
			files = (
				0AE8886129875E2D003607E4 /* PomoTests.swift in Sources */,
			);
			runOnlyForDeploymentPostprocessing = 0;
		};
		0AE8886229875E2D003607E4 /* Sources */ = {
			isa = PBXSourcesBuildPhase;
			buildActionMask = 2147483647;
			files = (
				0AE8886B29875E2D003607E4 /* PomoUITests.swift in Sources */,
				0AE8886D29875E2D003607E4 /* PomoUITestsLaunchTests.swift in Sources */,
			);
			runOnlyForDeploymentPostprocessing = 0;
		};
		0AE8887929875E5F003607E4 /* Sources */ = {
			isa = PBXSourcesBuildPhase;
			buildActionMask = 2147483647;
			files = (
				0AE8888529875E5F003607E4 /* PomoWidgetBundle.swift in Sources */,
				0AE8888729875E5F003607E4 /* PomoWidgetLiveActivity.swift in Sources */,
				0AE8889629876282003607E4 /* PomoWidgetAttributes.swift in Sources */,
			);
			runOnlyForDeploymentPostprocessing = 0;
		};
/* End PBXSourcesBuildPhase section */

/* Begin PBXTargetDependency section */
		0AE8885E29875E2D003607E4 /* PBXTargetDependency */ = {
			isa = PBXTargetDependency;
			target = 0AE8884A29875E2A003607E4 /* Pomo */;
			targetProxy = 0AE8885D29875E2D003607E4 /* PBXContainerItemProxy */;
		};
		0AE8886829875E2D003607E4 /* PBXTargetDependency */ = {
			isa = PBXTargetDependency;
			target = 0AE8884A29875E2A003607E4 /* Pomo */;
			targetProxy = 0AE8886729875E2D003607E4 /* PBXContainerItemProxy */;
		};
		0AE8888E29875E61003607E4 /* PBXTargetDependency */ = {
			isa = PBXTargetDependency;
			target = 0AE8887C29875E5F003607E4 /* PomoWidgetExtension */;
			targetProxy = 0AE8888D29875E61003607E4 /* PBXContainerItemProxy */;
		};
/* End PBXTargetDependency section */

/* Begin XCBuildConfiguration section */
		0AE8886E29875E2D003607E4 /* Debug */ = {
			isa = XCBuildConfiguration;
			buildSettings = {
				ALWAYS_SEARCH_USER_PATHS = NO;
				CLANG_ANALYZER_NONNULL = YES;
				CLANG_ANALYZER_NUMBER_OBJECT_CONVERSION = YES_AGGRESSIVE;
				CLANG_CXX_LANGUAGE_STANDARD = "gnu++20";
				CLANG_ENABLE_MODULES = YES;
				CLANG_ENABLE_OBJC_ARC = YES;
				CLANG_ENABLE_OBJC_WEAK = YES;
				CLANG_WARN_BLOCK_CAPTURE_AUTORELEASING = YES;
				CLANG_WARN_BOOL_CONVERSION = YES;
				CLANG_WARN_COMMA = YES;
				CLANG_WARN_CONSTANT_CONVERSION = YES;
				CLANG_WARN_DEPRECATED_OBJC_IMPLEMENTATIONS = YES;
				CLANG_WARN_DIRECT_OBJC_ISA_USAGE = YES_ERROR;
				CLANG_WARN_DOCUMENTATION_COMMENTS = YES;
				CLANG_WARN_EMPTY_BODY = YES;
				CLANG_WARN_ENUM_CONVERSION = YES;
				CLANG_WARN_INFINITE_RECURSION = YES;
				CLANG_WARN_INT_CONVERSION = YES;
				CLANG_WARN_NON_LITERAL_NULL_CONVERSION = YES;
				CLANG_WARN_OBJC_IMPLICIT_RETAIN_SELF = YES;
				CLANG_WARN_OBJC_LITERAL_CONVERSION = YES;
				CLANG_WARN_OBJC_ROOT_CLASS = YES_ERROR;
				CLANG_WARN_QUOTED_INCLUDE_IN_FRAMEWORK_HEADER = YES;
				CLANG_WARN_RANGE_LOOP_ANALYSIS = YES;
				CLANG_WARN_STRICT_PROTOTYPES = YES;
				CLANG_WARN_SUSPICIOUS_MOVE = YES;
				CLANG_WARN_UNGUARDED_AVAILABILITY = YES_AGGRESSIVE;
				CLANG_WARN_UNREACHABLE_CODE = YES;
				CLANG_WARN__DUPLICATE_METHOD_MATCH = YES;
				COPY_PHASE_STRIP = NO;
				DEBUG_INFORMATION_FORMAT = dwarf;
				ENABLE_STRICT_OBJC_MSGSEND = YES;
				ENABLE_TESTABILITY = YES;
				GCC_C_LANGUAGE_STANDARD = gnu11;
				GCC_DYNAMIC_NO_PIC = NO;
				GCC_NO_COMMON_BLOCKS = YES;
				GCC_OPTIMIZATION_LEVEL = 0;
				GCC_PREPROCESSOR_DEFINITIONS = (
					"DEBUG=1",
					"$(inherited)",
				);
				GCC_WARN_64_TO_32_BIT_CONVERSION = YES;
				GCC_WARN_ABOUT_RETURN_TYPE = YES_ERROR;
				GCC_WARN_UNDECLARED_SELECTOR = YES;
				GCC_WARN_UNINITIALIZED_AUTOS = YES_AGGRESSIVE;
				GCC_WARN_UNUSED_FUNCTION = YES;
				GCC_WARN_UNUSED_VARIABLE = YES;
				MTL_ENABLE_DEBUG_INFO = INCLUDE_SOURCE;
				MTL_FAST_MATH = YES;
				ONLY_ACTIVE_ARCH = YES;
				SWIFT_ACTIVE_COMPILATION_CONDITIONS = DEBUG;
				SWIFT_OPTIMIZATION_LEVEL = "-Onone";
			};
			name = Debug;
		};
		0AE8886F29875E2D003607E4 /* Release */ = {
			isa = XCBuildConfiguration;
			buildSettings = {
				ALWAYS_SEARCH_USER_PATHS = NO;
				CLANG_ANALYZER_NONNULL = YES;
				CLANG_ANALYZER_NUMBER_OBJECT_CONVERSION = YES_AGGRESSIVE;
				CLANG_CXX_LANGUAGE_STANDARD = "gnu++20";
				CLANG_ENABLE_MODULES = YES;
				CLANG_ENABLE_OBJC_ARC = YES;
				CLANG_ENABLE_OBJC_WEAK = YES;
				CLANG_WARN_BLOCK_CAPTURE_AUTORELEASING = YES;
				CLANG_WARN_BOOL_CONVERSION = YES;
				CLANG_WARN_COMMA = YES;
				CLANG_WARN_CONSTANT_CONVERSION = YES;
				CLANG_WARN_DEPRECATED_OBJC_IMPLEMENTATIONS = YES;
				CLANG_WARN_DIRECT_OBJC_ISA_USAGE = YES_ERROR;
				CLANG_WARN_DOCUMENTATION_COMMENTS = YES;
				CLANG_WARN_EMPTY_BODY = YES;
				CLANG_WARN_ENUM_CONVERSION = YES;
				CLANG_WARN_INFINITE_RECURSION = YES;
				CLANG_WARN_INT_CONVERSION = YES;
				CLANG_WARN_NON_LITERAL_NULL_CONVERSION = YES;
				CLANG_WARN_OBJC_IMPLICIT_RETAIN_SELF = YES;
				CLANG_WARN_OBJC_LITERAL_CONVERSION = YES;
				CLANG_WARN_OBJC_ROOT_CLASS = YES_ERROR;
				CLANG_WARN_QUOTED_INCLUDE_IN_FRAMEWORK_HEADER = YES;
				CLANG_WARN_RANGE_LOOP_ANALYSIS = YES;
				CLANG_WARN_STRICT_PROTOTYPES = YES;
				CLANG_WARN_SUSPICIOUS_MOVE = YES;
				CLANG_WARN_UNGUARDED_AVAILABILITY = YES_AGGRESSIVE;
				CLANG_WARN_UNREACHABLE_CODE = YES;
				CLANG_WARN__DUPLICATE_METHOD_MATCH = YES;
				COPY_PHASE_STRIP = NO;
				DEBUG_INFORMATION_FORMAT = "dwarf-with-dsym";
				ENABLE_NS_ASSERTIONS = NO;
				ENABLE_STRICT_OBJC_MSGSEND = YES;
				GCC_C_LANGUAGE_STANDARD = gnu11;
				GCC_NO_COMMON_BLOCKS = YES;
				GCC_WARN_64_TO_32_BIT_CONVERSION = YES;
				GCC_WARN_ABOUT_RETURN_TYPE = YES_ERROR;
				GCC_WARN_UNDECLARED_SELECTOR = YES;
				GCC_WARN_UNINITIALIZED_AUTOS = YES_AGGRESSIVE;
				GCC_WARN_UNUSED_FUNCTION = YES;
				GCC_WARN_UNUSED_VARIABLE = YES;
				MTL_ENABLE_DEBUG_INFO = NO;
				MTL_FAST_MATH = YES;
				SWIFT_COMPILATION_MODE = wholemodule;
				SWIFT_OPTIMIZATION_LEVEL = "-O";
			};
			name = Release;
		};
		0AE8887129875E2D003607E4 /* Debug */ = {
			isa = XCBuildConfiguration;
			buildSettings = {
				ALWAYS_EMBED_SWIFT_STANDARD_LIBRARIES = YES;
				ASSETCATALOG_COMPILER_APPICON_NAME = AppIcon;
				ASSETCATALOG_COMPILER_GLOBAL_ACCENT_COLOR_NAME = AccentColor;
				CODE_SIGN_ENTITLEMENTS = Pomo/Pomo.entitlements;
				CODE_SIGN_STYLE = Automatic;
				CURRENT_PROJECT_VERSION = 210;
				DEVELOPMENT_ASSET_PATHS = "\"Pomo/Preview Content\"";
				DEVELOPMENT_TEAM = RV78ENMXZ2;
				ENABLE_HARDENED_RUNTIME = YES;
				ENABLE_PREVIEWS = YES;
				GENERATE_INFOPLIST_FILE = YES;
				INFOPLIST_KEY_CFBundleDisplayName = Tomo;
				INFOPLIST_KEY_LSApplicationCategoryType = "public.app-category.productivity";
				INFOPLIST_KEY_NSSupportsLiveActivities = YES;
				INFOPLIST_KEY_NSSupportsLiveActivitiesFrequentUpdates = YES;
				"INFOPLIST_KEY_UIApplicationSceneManifest_Generation[sdk=iphoneos*]" = YES;
				"INFOPLIST_KEY_UIApplicationSceneManifest_Generation[sdk=iphonesimulator*]" = YES;
				"INFOPLIST_KEY_UIApplicationSupportsIndirectInputEvents[sdk=iphoneos*]" = YES;
				"INFOPLIST_KEY_UIApplicationSupportsIndirectInputEvents[sdk=iphonesimulator*]" = YES;
				"INFOPLIST_KEY_UILaunchScreen_Generation[sdk=iphoneos*]" = YES;
				"INFOPLIST_KEY_UILaunchScreen_Generation[sdk=iphonesimulator*]" = YES;
				"INFOPLIST_KEY_UIStatusBarStyle[sdk=iphoneos*]" = UIStatusBarStyleDefault;
				"INFOPLIST_KEY_UIStatusBarStyle[sdk=iphonesimulator*]" = UIStatusBarStyleDefault;
				INFOPLIST_KEY_UISupportedInterfaceOrientations = UIInterfaceOrientationPortrait;
				INFOPLIST_KEY_UISupportedInterfaceOrientations_iPad = "UIInterfaceOrientationLandscapeLeft UIInterfaceOrientationLandscapeRight UIInterfaceOrientationPortrait UIInterfaceOrientationPortraitUpsideDown";
				IPHONEOS_DEPLOYMENT_TARGET = 16.2;
				LD_RUNPATH_SEARCH_PATHS = "@executable_path/Frameworks";
				"LD_RUNPATH_SEARCH_PATHS[sdk=macosx*]" = "@executable_path/../Frameworks";
				MACOSX_DEPLOYMENT_TARGET = 13.1;
				MARKETING_VERSION = 1.1;
				PRODUCT_BUNDLE_IDENTIFIER = luckdev.Pomo;
				PRODUCT_NAME = "$(TARGET_NAME)";
				SDKROOT = auto;
				SUPPORTED_PLATFORMS = "iphoneos iphonesimulator";
				SUPPORTS_MACCATALYST = NO;
				SUPPORTS_MAC_DESIGNED_FOR_IPHONE_IPAD = NO;
				SWIFT_EMIT_LOC_STRINGS = YES;
				SWIFT_VERSION = 5.0;
				TARGETED_DEVICE_FAMILY = 1;
			};
			name = Debug;
		};
		0AE8887229875E2D003607E4 /* Release */ = {
			isa = XCBuildConfiguration;
			buildSettings = {
				ALWAYS_EMBED_SWIFT_STANDARD_LIBRARIES = YES;
				ASSETCATALOG_COMPILER_APPICON_NAME = AppIcon;
				ASSETCATALOG_COMPILER_GLOBAL_ACCENT_COLOR_NAME = AccentColor;
				CODE_SIGN_ENTITLEMENTS = Pomo/Pomo.entitlements;
				CODE_SIGN_STYLE = Automatic;
				CURRENT_PROJECT_VERSION = 210;
				DEVELOPMENT_ASSET_PATHS = "\"Pomo/Preview Content\"";
				DEVELOPMENT_TEAM = RV78ENMXZ2;
				ENABLE_HARDENED_RUNTIME = YES;
				ENABLE_PREVIEWS = YES;
				GENERATE_INFOPLIST_FILE = YES;
				INFOPLIST_KEY_CFBundleDisplayName = Tomo;
				INFOPLIST_KEY_LSApplicationCategoryType = "public.app-category.productivity";
				INFOPLIST_KEY_NSSupportsLiveActivities = YES;
				INFOPLIST_KEY_NSSupportsLiveActivitiesFrequentUpdates = YES;
				"INFOPLIST_KEY_UIApplicationSceneManifest_Generation[sdk=iphoneos*]" = YES;
				"INFOPLIST_KEY_UIApplicationSceneManifest_Generation[sdk=iphonesimulator*]" = YES;
				"INFOPLIST_KEY_UIApplicationSupportsIndirectInputEvents[sdk=iphoneos*]" = YES;
				"INFOPLIST_KEY_UIApplicationSupportsIndirectInputEvents[sdk=iphonesimulator*]" = YES;
				"INFOPLIST_KEY_UILaunchScreen_Generation[sdk=iphoneos*]" = YES;
				"INFOPLIST_KEY_UILaunchScreen_Generation[sdk=iphonesimulator*]" = YES;
				"INFOPLIST_KEY_UIStatusBarStyle[sdk=iphoneos*]" = UIStatusBarStyleDefault;
				"INFOPLIST_KEY_UIStatusBarStyle[sdk=iphonesimulator*]" = UIStatusBarStyleDefault;
				INFOPLIST_KEY_UISupportedInterfaceOrientations = UIInterfaceOrientationPortrait;
				INFOPLIST_KEY_UISupportedInterfaceOrientations_iPad = "UIInterfaceOrientationLandscapeLeft UIInterfaceOrientationLandscapeRight UIInterfaceOrientationPortrait UIInterfaceOrientationPortraitUpsideDown";
				IPHONEOS_DEPLOYMENT_TARGET = 16.2;
				LD_RUNPATH_SEARCH_PATHS = "@executable_path/Frameworks";
				"LD_RUNPATH_SEARCH_PATHS[sdk=macosx*]" = "@executable_path/../Frameworks";
				MACOSX_DEPLOYMENT_TARGET = 13.1;
				MARKETING_VERSION = 1.1;
				PRODUCT_BUNDLE_IDENTIFIER = luckdev.Pomo;
				PRODUCT_NAME = "$(TARGET_NAME)";
				SDKROOT = auto;
				SUPPORTED_PLATFORMS = "iphoneos iphonesimulator";
				SUPPORTS_MACCATALYST = NO;
				SUPPORTS_MAC_DESIGNED_FOR_IPHONE_IPAD = NO;
				SWIFT_EMIT_LOC_STRINGS = YES;
				SWIFT_VERSION = 5.0;
				TARGETED_DEVICE_FAMILY = 1;
			};
			name = Release;
		};
		0AE8887429875E2D003607E4 /* Debug */ = {
			isa = XCBuildConfiguration;
			buildSettings = {
				ALWAYS_EMBED_SWIFT_STANDARD_LIBRARIES = YES;
				BUNDLE_LOADER = "$(TEST_HOST)";
				CODE_SIGN_STYLE = Automatic;
				CURRENT_PROJECT_VERSION = 1;
				DEVELOPMENT_TEAM = RV78ENMXZ2;
				GENERATE_INFOPLIST_FILE = YES;
				IPHONEOS_DEPLOYMENT_TARGET = 16.2;
				MACOSX_DEPLOYMENT_TARGET = 13.1;
				MARKETING_VERSION = 1.0;
				PRODUCT_BUNDLE_IDENTIFIER = luckdev.PomoTests;
				PRODUCT_NAME = "$(TARGET_NAME)";
				SDKROOT = auto;
				SUPPORTED_PLATFORMS = "iphoneos iphonesimulator macosx";
				SWIFT_EMIT_LOC_STRINGS = NO;
				SWIFT_VERSION = 5.0;
				TARGETED_DEVICE_FAMILY = "1,2";
				TEST_HOST = "$(BUILT_PRODUCTS_DIR)/Pomo.app/$(BUNDLE_EXECUTABLE_FOLDER_PATH)/Pomo";
			};
			name = Debug;
		};
		0AE8887529875E2D003607E4 /* Release */ = {
			isa = XCBuildConfiguration;
			buildSettings = {
				ALWAYS_EMBED_SWIFT_STANDARD_LIBRARIES = YES;
				BUNDLE_LOADER = "$(TEST_HOST)";
				CODE_SIGN_STYLE = Automatic;
				CURRENT_PROJECT_VERSION = 1;
				DEVELOPMENT_TEAM = RV78ENMXZ2;
				GENERATE_INFOPLIST_FILE = YES;
				IPHONEOS_DEPLOYMENT_TARGET = 16.2;
				MACOSX_DEPLOYMENT_TARGET = 13.1;
				MARKETING_VERSION = 1.0;
				PRODUCT_BUNDLE_IDENTIFIER = luckdev.PomoTests;
				PRODUCT_NAME = "$(TARGET_NAME)";
				SDKROOT = auto;
				SUPPORTED_PLATFORMS = "iphoneos iphonesimulator macosx";
				SWIFT_EMIT_LOC_STRINGS = NO;
				SWIFT_VERSION = 5.0;
				TARGETED_DEVICE_FAMILY = "1,2";
				TEST_HOST = "$(BUILT_PRODUCTS_DIR)/Pomo.app/$(BUNDLE_EXECUTABLE_FOLDER_PATH)/Pomo";
			};
			name = Release;
		};
		0AE8887729875E2D003607E4 /* Debug */ = {
			isa = XCBuildConfiguration;
			buildSettings = {
				ALWAYS_EMBED_SWIFT_STANDARD_LIBRARIES = YES;
				CODE_SIGN_STYLE = Automatic;
				CURRENT_PROJECT_VERSION = 1;
				DEVELOPMENT_TEAM = RV78ENMXZ2;
				GENERATE_INFOPLIST_FILE = YES;
				IPHONEOS_DEPLOYMENT_TARGET = 16.2;
				MACOSX_DEPLOYMENT_TARGET = 13.1;
				MARKETING_VERSION = 1.0;
				PRODUCT_BUNDLE_IDENTIFIER = luckdev.PomoUITests;
				PRODUCT_NAME = "$(TARGET_NAME)";
				SDKROOT = auto;
				SUPPORTED_PLATFORMS = "iphoneos iphonesimulator macosx";
				SWIFT_EMIT_LOC_STRINGS = NO;
				SWIFT_VERSION = 5.0;
				TARGETED_DEVICE_FAMILY = "1,2";
				TEST_TARGET_NAME = Pomo;
			};
			name = Debug;
		};
		0AE8887829875E2D003607E4 /* Release */ = {
			isa = XCBuildConfiguration;
			buildSettings = {
				ALWAYS_EMBED_SWIFT_STANDARD_LIBRARIES = YES;
				CODE_SIGN_STYLE = Automatic;
				CURRENT_PROJECT_VERSION = 1;
				DEVELOPMENT_TEAM = RV78ENMXZ2;
				GENERATE_INFOPLIST_FILE = YES;
				IPHONEOS_DEPLOYMENT_TARGET = 16.2;
				MACOSX_DEPLOYMENT_TARGET = 13.1;
				MARKETING_VERSION = 1.0;
				PRODUCT_BUNDLE_IDENTIFIER = luckdev.PomoUITests;
				PRODUCT_NAME = "$(TARGET_NAME)";
				SDKROOT = auto;
				SUPPORTED_PLATFORMS = "iphoneos iphonesimulator macosx";
				SWIFT_EMIT_LOC_STRINGS = NO;
				SWIFT_VERSION = 5.0;
				TARGETED_DEVICE_FAMILY = "1,2";
				TEST_TARGET_NAME = Pomo;
			};
			name = Release;
		};
		0AE8889129875E61003607E4 /* Debug */ = {
			isa = XCBuildConfiguration;
			buildSettings = {
				ASSETCATALOG_COMPILER_GLOBAL_ACCENT_COLOR_NAME = AccentColor;
				ASSETCATALOG_COMPILER_WIDGET_BACKGROUND_COLOR_NAME = WidgetBackground;
				CODE_SIGN_STYLE = Automatic;
				CURRENT_PROJECT_VERSION = 1;
				DEVELOPMENT_TEAM = RV78ENMXZ2;
				GENERATE_INFOPLIST_FILE = YES;
				INFOPLIST_FILE = PomoWidget/Info.plist;
				INFOPLIST_KEY_CFBundleDisplayName = PomoWidget;
				INFOPLIST_KEY_NSHumanReadableCopyright = "";
				INFOPLIST_KEY_NSSupportsLiveActivities = YES;
				INFOPLIST_KEY_NSSupportsLiveActivitiesFrequentUpdates = YES;
				IPHONEOS_DEPLOYMENT_TARGET = 16.2;
				LD_RUNPATH_SEARCH_PATHS = (
					"$(inherited)",
					"@executable_path/Frameworks",
					"@executable_path/../../Frameworks",
				);
				MARKETING_VERSION = 1.0;
				PRODUCT_BUNDLE_IDENTIFIER = luckdev.Pomo.PomoWidget;
				PRODUCT_NAME = "$(TARGET_NAME)";
				SDKROOT = iphoneos;
				SKIP_INSTALL = YES;
				SWIFT_EMIT_LOC_STRINGS = YES;
				SWIFT_VERSION = 5.0;
				TARGETED_DEVICE_FAMILY = "1,2";
			};
			name = Debug;
		};
		0AE8889229875E61003607E4 /* Release */ = {
			isa = XCBuildConfiguration;
			buildSettings = {
				ASSETCATALOG_COMPILER_GLOBAL_ACCENT_COLOR_NAME = AccentColor;
				ASSETCATALOG_COMPILER_WIDGET_BACKGROUND_COLOR_NAME = WidgetBackground;
				CODE_SIGN_STYLE = Automatic;
				CURRENT_PROJECT_VERSION = 1;
				DEVELOPMENT_TEAM = RV78ENMXZ2;
				GENERATE_INFOPLIST_FILE = YES;
				INFOPLIST_FILE = PomoWidget/Info.plist;
				INFOPLIST_KEY_CFBundleDisplayName = PomoWidget;
				INFOPLIST_KEY_NSHumanReadableCopyright = "";
				INFOPLIST_KEY_NSSupportsLiveActivities = YES;
				INFOPLIST_KEY_NSSupportsLiveActivitiesFrequentUpdates = YES;
				IPHONEOS_DEPLOYMENT_TARGET = 16.2;
				LD_RUNPATH_SEARCH_PATHS = (
					"$(inherited)",
					"@executable_path/Frameworks",
					"@executable_path/../../Frameworks",
				);
				MARKETING_VERSION = 1.0;
				PRODUCT_BUNDLE_IDENTIFIER = luckdev.Pomo.PomoWidget;
				PRODUCT_NAME = "$(TARGET_NAME)";
				SDKROOT = iphoneos;
				SKIP_INSTALL = YES;
				SWIFT_EMIT_LOC_STRINGS = YES;
				SWIFT_VERSION = 5.0;
				TARGETED_DEVICE_FAMILY = "1,2";
				VALIDATE_PRODUCT = YES;
			};
			name = Release;
		};
/* End XCBuildConfiguration section */

/* Begin XCConfigurationList section */
		0AE8884629875E2A003607E4 /* Build configuration list for PBXProject "Pomo" */ = {
			isa = XCConfigurationList;
			buildConfigurations = (
				0AE8886E29875E2D003607E4 /* Debug */,
				0AE8886F29875E2D003607E4 /* Release */,
			);
			defaultConfigurationIsVisible = 0;
			defaultConfigurationName = Release;
		};
		0AE8887029875E2D003607E4 /* Build configuration list for PBXNativeTarget "Pomo" */ = {
			isa = XCConfigurationList;
			buildConfigurations = (
				0AE8887129875E2D003607E4 /* Debug */,
				0AE8887229875E2D003607E4 /* Release */,
			);
			defaultConfigurationIsVisible = 0;
			defaultConfigurationName = Release;
		};
		0AE8887329875E2D003607E4 /* Build configuration list for PBXNativeTarget "PomoTests" */ = {
			isa = XCConfigurationList;
			buildConfigurations = (
				0AE8887429875E2D003607E4 /* Debug */,
				0AE8887529875E2D003607E4 /* Release */,
			);
			defaultConfigurationIsVisible = 0;
			defaultConfigurationName = Release;
		};
		0AE8887629875E2D003607E4 /* Build configuration list for PBXNativeTarget "PomoUITests" */ = {
			isa = XCConfigurationList;
			buildConfigurations = (
				0AE8887729875E2D003607E4 /* Debug */,
				0AE8887829875E2D003607E4 /* Release */,
			);
			defaultConfigurationIsVisible = 0;
			defaultConfigurationName = Release;
		};
		0AE8889029875E61003607E4 /* Build configuration list for PBXNativeTarget "PomoWidgetExtension" */ = {
			isa = XCConfigurationList;
			buildConfigurations = (
				0AE8889129875E61003607E4 /* Debug */,
				0AE8889229875E61003607E4 /* Release */,
			);
			defaultConfigurationIsVisible = 0;
			defaultConfigurationName = Release;
		};
/* End XCConfigurationList section */
	};
	rootObject = 0AE8884329875E2A003607E4 /* Project object */;
}
